PODS:
  - Flutter (1.0.0)
  - HXPhotoPicker (3.3.1):
    - HXPhotoPicker/Default (= 3.3.1)
  - HXPhotoPicker/Default (3.3.1)
  - mcs_photo_picker (0.0.1):
    - Flutter
    - HXPhotoPicker

DEPENDENCIES:
  - Flutter (from `Flutter`)
  - mcs_photo_picker (from `.symlinks/plugins/mcs_photo_picker/ios`)

SPEC REPOS:
  trunk:
    - HXPhotoPicker

EXTERNAL SOURCES:
  Flutter:
    :path: Flutter
  mcs_photo_picker:
    :path: ".symlinks/plugins/mcs_photo_picker/ios"

SPEC CHECKSUMS:
  Flutter: 50d75fe2f02b26cc09d224853bb45737f8b3214a
  HXPhotoPicker: f1274d0c931ad8564e0f23f33fe8b6110b639bd7
  mcs_photo_picker: 0bdeb32744a5cd4e141754f2eee32a94b23a6ec5

PODFILE CHECKSUM: aafe91acc616949ddb318b77800a7f51bffa2a4c

COCOAPODS: 1.11.2
