PODS:
  - Flutter (1.0.0)
  - flutter_ffmpeg (0.4.2):
    - Flutter
    - flutter_ffmpeg/https (= 0.4.2)
  - flutter_ffmpeg/https (0.4.2):
    - Flutter
    - mobile-ffmpeg-https (= 4.4)
  - flutter_sound (9.1.3):
    - Flutter
    - flutter_sound_core (= 9.1.3)
  - flutter_sound_core (9.1.3)
  - FMDB (2.7.5):
    - FMDB/standard (= 2.7.5)
  - FMDB/standard (2.7.5)
  - HydraAsync (2.0.6)
  - mobile-ffmpeg-https (4.4)
  - path_provider_ios (0.0.1):
    - Flutter
  - shared_preferences_ios (0.0.1):
    - Flutter
  - sqflite (0.0.2):
    - Flutter
    - FMDB (>= 2.7.5)
  - tencent_im_sdk_plugin (1.0.5):
    - Flutter
    - HydraAsync
    - TXIMSDK_Plus_iOS (= 6.0.1975)
  - TXIMSDK_Plus_iOS (6.0.1975)

DEPENDENCIES:
  - Flutter (from `Flutter`)
  - flutter_ffmpeg (from `.symlinks/plugins/flutter_ffmpeg/ios`)
  - flutter_sound (from `.symlinks/plugins/flutter_sound/ios`)
  - path_provider_ios (from `.symlinks/plugins/path_provider_ios/ios`)
  - shared_preferences_ios (from `.symlinks/plugins/shared_preferences_ios/ios`)
  - sqflite (from `.symlinks/plugins/sqflite/ios`)
  - tencent_im_sdk_plugin (from `.symlinks/plugins/tencent_im_sdk_plugin/ios`)

SPEC REPOS:
  trunk:
    - flutter_sound_core
    - FMDB
    - HydraAsync
    - mobile-ffmpeg-https
    - TXIMSDK_Plus_iOS

EXTERNAL SOURCES:
  Flutter:
    :path: Flutter
  flutter_ffmpeg:
    :path: ".symlinks/plugins/flutter_ffmpeg/ios"
  flutter_sound:
    :path: ".symlinks/plugins/flutter_sound/ios"
  path_provider_ios:
    :path: ".symlinks/plugins/path_provider_ios/ios"
  shared_preferences_ios:
    :path: ".symlinks/plugins/shared_preferences_ios/ios"
  sqflite:
    :path: ".symlinks/plugins/sqflite/ios"
  tencent_im_sdk_plugin:
    :path: ".symlinks/plugins/tencent_im_sdk_plugin/ios"

SPEC CHECKSUMS:
  Flutter: 50d75fe2f02b26cc09d224853bb45737f8b3214a
  flutter_ffmpeg: 3ec3912c74649851e6c3b1885511eef78142ac4f
  flutter_sound: a922ba3128664bba68538fb21e6e5c3d93279a1a
  flutter_sound_core: 144499190034026b79225b26f5dcd0094e4e55e3
  FMDB: 2ce00b547f966261cd18927a3ddb07cb6f3db82a
  HydraAsync: 8d589bd725b0224f899afafc9a396327405f8063
  mobile-ffmpeg-https: 311fc4a8f671cf36d1d6b8f421e8246b790978d9
  path_provider_ios: 7d7ce634493af4477d156294792024ec3485acd5
  shared_preferences_ios: aef470a42dc4675a1cdd50e3158b42e3d1232b32
  sqflite: 6d358c025f5b867b29ed92fc697fd34924e11904
  tencent_im_sdk_plugin: 5d60e74beb9dafda611bb9bf2aa6ba8ab1ee7b39
  TXIMSDK_Plus_iOS: b4938e8a26865ddf81fcff413236d99f6fbae39c

PODFILE CHECKSUM: 47d0c6d710f0358a16feda754d8d69a3f09a2abf

COCOAPODS: 1.11.2
