PODS:
  - Alamofire (4.9.1)
  - FMDB (2.7.5):
    - FMDB/standard (= 2.7.5)
  - FMDB/standard (2.7.5)
  - HandyJSON (5.0.2)
  - LookinServer (1.0.0)
  - Moya (13.0.1):
    - Moya/Core (= 13.0.1)
  - Moya/Core (13.0.1):
    - Alamofire (~> 4.1)
    - Result (~> 4.1)
  - Result (4.1.0)

DEPENDENCIES:
  - FMDB
  - HandyJSON
  - LookinServer
  - Moya

SPEC REPOS:
  trunk:
    - Alamofire
    - FMDB
    - HandyJSON
    - LookinServer
    - Moya
    - Result

SPEC CHECKSUMS:
  Alamofire: 85e8a02c69d6020a0d734f6054870d7ecb75cf18
  FMDB: 2ce00b547f966261cd18927a3ddb07cb6f3db82a
  HandyJSON: 9e4e236f5d2dbefad5155a77417bbea438201c03
  LookinServer: 0002891cd3cec5e082a910e897dfe71b4f06b89e
  Moya: f4a4b80ff2f8a4ffc208dfb31cd91636622fee6e
  Result: bd966fac789cc6c1563440b348ab2598cc24d5c7

PODFILE CHECKSUM: 7978ae0e468dbd7a8fdfb271922ee9dd010e577a

COCOAPODS: 1.10.1
