// !$*UTF8*$!
{
	archiveVersion = 1;
	classes = {
	};
	objectVersion = 51;
	objects = {

/* Begin PBXBuildFile section */
		371DF161264B8A360072B380 /* ApplicationConfiguration.swift in Sources */ = {isa = PBXBuildFile; fileRef = 371DF160264B8A360072B380 /* ApplicationConfiguration.swift */; };
		371DF16B264B8E1E0072B380 /* ApplicationService.swift in Sources */ = {isa = PBXBuildFile; fileRef = 371DF16A264B8E1E0072B380 /* ApplicationService.swift */; };
		371DF176264BA36E0072B380 /* DispatchQueue+Assassin.swift in Sources */ = {isa = PBXBuildFile; fileRef = 371DF175264BA36E0072B380 /* DispatchQueue+Assassin.swift */; };
		371DF179264BA8DA0072B380 /* TabBarControllerBuilder.swift in Sources */ = {isa = PBXBuildFile; fileRef = 371DF178264BA8DA0072B380 /* TabBarControllerBuilder.swift */; };
		371DF212264E467F0072B380 /* DefaultConfiguration.plist in Resources */ = {isa = PBXBuildFile; fileRef = 371DF210264E467F0072B380 /* DefaultConfiguration.plist */; };
		371DF213264E467F0072B380 /* default_app_config.json in Resources */ = {isa = PBXBuildFile; fileRef = 371DF211264E467F0072B380 /* default_app_config.json */; };
		371F0DC5265B5056009B8434 /* UIView+Corner.swift in Sources */ = {isa = PBXBuildFile; fileRef = 371F0DC4265B5056009B8434 /* UIView+Corner.swift */; };
		371F0DCA265B55D9009B8434 /* BaseTextField.swift in Sources */ = {isa = PBXBuildFile; fileRef = 371F0DC8265B55D9009B8434 /* BaseTextField.swift */; };
		371F0DCB265B55D9009B8434 /* CornerButton.swift in Sources */ = {isa = PBXBuildFile; fileRef = 371F0DC9265B55D9009B8434 /* CornerButton.swift */; };
		371F0DD3265B5F9F009B8434 /* OpenApiProvider.swift in Sources */ = {isa = PBXBuildFile; fileRef = 371F0DD2265B5F9F009B8434 /* OpenApiProvider.swift */; };
		371F0DD7265B61E4009B8434 /* OpenApi.swift in Sources */ = {isa = PBXBuildFile; fileRef = 371F0DD6265B61E4009B8434 /* OpenApi.swift */; };
		371F0DDF265B63BE009B8434 /* AuthorizedTargetType.swift in Sources */ = {isa = PBXBuildFile; fileRef = 371F0DDE265B63BE009B8434 /* AuthorizedTargetType.swift */; };
		371F0DE2265B652E009B8434 /* String+Assassin.swift in Sources */ = {isa = PBXBuildFile; fileRef = 371F0DE1265B652E009B8434 /* String+Assassin.swift */; };
		371F0DE5265B763F009B8434 /* AuthorizedPlugin.swift in Sources */ = {isa = PBXBuildFile; fileRef = 371F0DE4265B763F009B8434 /* AuthorizedPlugin.swift */; };
		371F0DE9265B78E3009B8434 /* Token.swift in Sources */ = {isa = PBXBuildFile; fileRef = 371F0DE8265B78E3009B8434 /* Token.swift */; };
		3720D92826576C1C00695B39 /* Color.swift in Sources */ = {isa = PBXBuildFile; fileRef = 3720D92726576C1C00695B39 /* Color.swift */; };
		3720D92C26577ED800695B39 /* UIColor+Assassin.swift in Sources */ = {isa = PBXBuildFile; fileRef = 3720D92B26577ED800695B39 /* UIColor+Assassin.swift */; };
		3720D9332657845A00695B39 /* Font.swift in Sources */ = {isa = PBXBuildFile; fileRef = 3720D9322657845A00695B39 /* Font.swift */; };
		3720D9362657893D00695B39 /* UIImage+Assassin.swift in Sources */ = {isa = PBXBuildFile; fileRef = 3720D9352657893D00695B39 /* UIImage+Assassin.swift */; };
		37250C06264A2E90002A55C3 /* RootViewControllerBuilder.swift in Sources */ = {isa = PBXBuildFile; fileRef = 37250C05264A2E90002A55C3 /* RootViewControllerBuilder.swift */; };
		37250C0B264A3156002A55C3 /* LoginViewController.swift in Sources */ = {isa = PBXBuildFile; fileRef = 37250C0A264A3156002A55C3 /* LoginViewController.swift */; };
		37250C13264A33C7002A55C3 /* UserService.swift in Sources */ = {isa = PBXBuildFile; fileRef = 37250C12264A33C7002A55C3 /* UserService.swift */; };
		37250C17264A33D5002A55C3 /* UserDao.swift in Sources */ = {isa = PBXBuildFile; fileRef = 37250C16264A33D5002A55C3 /* UserDao.swift */; };
		37250C1C264A35AE002A55C3 /* DBService.swift in Sources */ = {isa = PBXBuildFile; fileRef = 37250C1B264A35AE002A55C3 /* DBService.swift */; };
		37250C23264A3739002A55C3 /* Assassin.db in Resources */ = {isa = PBXBuildFile; fileRef = 37250C22264A3739002A55C3 /* Assassin.db */; };
		37250C27264A3DB8002A55C3 /* String.swift in Sources */ = {isa = PBXBuildFile; fileRef = 37250C26264A3DB8002A55C3 /* String.swift */; };
		37250C2B264A7A4E002A55C3 /* Account.swift in Sources */ = {isa = PBXBuildFile; fileRef = 37250C2A264A7A4E002A55C3 /* Account.swift */; };
		372A4DA3265512AF0080BEAA /* Size.swift in Sources */ = {isa = PBXBuildFile; fileRef = 372A4DA2265512AF0080BEAA /* Size.swift */; };
		372A4DA6265514D90080BEAA /* Layout.swift in Sources */ = {isa = PBXBuildFile; fileRef = 372A4DA5265514D90080BEAA /* Layout.swift */; };
		3735E2FA2660EFBA00743EEE /* ActivityIndicator.swift in Sources */ = {isa = PBXBuildFile; fileRef = 3735E2F92660EFBA00743EEE /* ActivityIndicator.swift */; };
		375ADE142658E15A001871C0 /* LoginViewModel.swift in Sources */ = {isa = PBXBuildFile; fileRef = 375ADE132658E15A001871C0 /* LoginViewModel.swift */; };
		375ADE282658E387001871C0 /* Protocols.swift in Sources */ = {isa = PBXBuildFile; fileRef = 375ADE272658E387001871C0 /* Protocols.swift */; };
		375ADE4526590351001871C0 /* LoginService.swift in Sources */ = {isa = PBXBuildFile; fileRef = 375ADE4426590351001871C0 /* LoginService.swift */; };
		375ADE4926590518001871C0 /* LoginValidateService.swift in Sources */ = {isa = PBXBuildFile; fileRef = 375ADE4826590518001871C0 /* LoginValidateService.swift */; };
		37EB0715264953820089FF63 /* AppDelegate.swift in Sources */ = {isa = PBXBuildFile; fileRef = 37EB0714264953820089FF63 /* AppDelegate.swift */; };
		37EB0719264953820089FF63 /* ViewController.swift in Sources */ = {isa = PBXBuildFile; fileRef = 37EB0718264953820089FF63 /* ViewController.swift */; };
		37EB071E264953870089FF63 /* Assets.xcassets in Resources */ = {isa = PBXBuildFile; fileRef = 37EB071D264953870089FF63 /* Assets.xcassets */; };
		37EB0721264953870089FF63 /* LaunchScreen.storyboard in Resources */ = {isa = PBXBuildFile; fileRef = 37EB071F264953870089FF63 /* LaunchScreen.storyboard */; };
		40EA9309B00AAC55EAD27832 /* Pods_Assassin.framework in Frameworks */ = {isa = PBXBuildFile; fileRef = 9FD7052E9A5F1F53510DD29E /* Pods_Assassin.framework */; };
/* End PBXBuildFile section */

/* Begin PBXFileReference section */
		371DF160264B8A360072B380 /* ApplicationConfiguration.swift */ = {isa = PBXFileReference; lastKnownFileType = sourcecode.swift; path = ApplicationConfiguration.swift; sourceTree = "<group>"; };
		371DF16A264B8E1E0072B380 /* ApplicationService.swift */ = {isa = PBXFileReference; lastKnownFileType = sourcecode.swift; path = ApplicationService.swift; sourceTree = "<group>"; };
		371DF175264BA36E0072B380 /* DispatchQueue+Assassin.swift */ = {isa = PBXFileReference; lastKnownFileType = sourcecode.swift; path = "DispatchQueue+Assassin.swift"; sourceTree = "<group>"; };
		371DF178264BA8DA0072B380 /* TabBarControllerBuilder.swift */ = {isa = PBXFileReference; lastKnownFileType = sourcecode.swift; path = TabBarControllerBuilder.swift; sourceTree = "<group>"; };
		371DF210264E467F0072B380 /* DefaultConfiguration.plist */ = {isa = PBXFileReference; fileEncoding = 4; lastKnownFileType = text.plist.xml; path = DefaultConfiguration.plist; sourceTree = "<group>"; };
		371DF211264E467F0072B380 /* default_app_config.json */ = {isa = PBXFileReference; fileEncoding = 4; lastKnownFileType = text.json; path = default_app_config.json; sourceTree = "<group>"; };
		371F0DC4265B5056009B8434 /* UIView+Corner.swift */ = {isa = PBXFileReference; lastKnownFileType = sourcecode.swift; path = "UIView+Corner.swift"; sourceTree = "<group>"; };
		371F0DC8265B55D9009B8434 /* BaseTextField.swift */ = {isa = PBXFileReference; fileEncoding = 4; lastKnownFileType = sourcecode.swift; path = BaseTextField.swift; sourceTree = "<group>"; };
		371F0DC9265B55D9009B8434 /* CornerButton.swift */ = {isa = PBXFileReference; fileEncoding = 4; lastKnownFileType = sourcecode.swift; path = CornerButton.swift; sourceTree = "<group>"; };
		371F0DD2265B5F9F009B8434 /* OpenApiProvider.swift */ = {isa = PBXFileReference; lastKnownFileType = sourcecode.swift; path = OpenApiProvider.swift; sourceTree = "<group>"; };
		371F0DD6265B61E4009B8434 /* OpenApi.swift */ = {isa = PBXFileReference; lastKnownFileType = sourcecode.swift; path = OpenApi.swift; sourceTree = "<group>"; };
		371F0DDE265B63BE009B8434 /* AuthorizedTargetType.swift */ = {isa = PBXFileReference; lastKnownFileType = sourcecode.swift; path = AuthorizedTargetType.swift; sourceTree = "<group>"; };
		371F0DE1265B652E009B8434 /* String+Assassin.swift */ = {isa = PBXFileReference; lastKnownFileType = sourcecode.swift; path = "String+Assassin.swift"; sourceTree = "<group>"; };
		371F0DE4265B763F009B8434 /* AuthorizedPlugin.swift */ = {isa = PBXFileReference; lastKnownFileType = sourcecode.swift; path = AuthorizedPlugin.swift; sourceTree = "<group>"; };
		371F0DE8265B78E3009B8434 /* Token.swift */ = {isa = PBXFileReference; lastKnownFileType = sourcecode.swift; path = Token.swift; sourceTree = "<group>"; };
		3720D92726576C1C00695B39 /* Color.swift */ = {isa = PBXFileReference; lastKnownFileType = sourcecode.swift; path = Color.swift; sourceTree = "<group>"; };
		3720D92B26577ED800695B39 /* UIColor+Assassin.swift */ = {isa = PBXFileReference; lastKnownFileType = sourcecode.swift; path = "UIColor+Assassin.swift"; sourceTree = "<group>"; };
		3720D9322657845A00695B39 /* Font.swift */ = {isa = PBXFileReference; lastKnownFileType = sourcecode.swift; path = Font.swift; sourceTree = "<group>"; };
		3720D9352657893D00695B39 /* UIImage+Assassin.swift */ = {isa = PBXFileReference; lastKnownFileType = sourcecode.swift; path = "UIImage+Assassin.swift"; sourceTree = "<group>"; };
		37250C05264A2E90002A55C3 /* RootViewControllerBuilder.swift */ = {isa = PBXFileReference; lastKnownFileType = sourcecode.swift; path = RootViewControllerBuilder.swift; sourceTree = "<group>"; };
		37250C0A264A3156002A55C3 /* LoginViewController.swift */ = {isa = PBXFileReference; lastKnownFileType = sourcecode.swift; path = LoginViewController.swift; sourceTree = "<group>"; };
		37250C12264A33C7002A55C3 /* UserService.swift */ = {isa = PBXFileReference; lastKnownFileType = sourcecode.swift; path = UserService.swift; sourceTree = "<group>"; };
		37250C16264A33D5002A55C3 /* UserDao.swift */ = {isa = PBXFileReference; lastKnownFileType = sourcecode.swift; path = UserDao.swift; sourceTree = "<group>"; };
		37250C1B264A35AE002A55C3 /* DBService.swift */ = {isa = PBXFileReference; lastKnownFileType = sourcecode.swift; path = DBService.swift; sourceTree = "<group>"; };
		37250C22264A3739002A55C3 /* Assassin.db */ = {isa = PBXFileReference; lastKnownFileType = file; path = Assassin.db; sourceTree = "<group>"; };
		37250C26264A3DB8002A55C3 /* String.swift */ = {isa = PBXFileReference; lastKnownFileType = sourcecode.swift; path = String.swift; sourceTree = "<group>"; };
		37250C2A264A7A4E002A55C3 /* Account.swift */ = {isa = PBXFileReference; lastKnownFileType = sourcecode.swift; path = Account.swift; sourceTree = "<group>"; };
		372A4DA2265512AF0080BEAA /* Size.swift */ = {isa = PBXFileReference; lastKnownFileType = sourcecode.swift; path = Size.swift; sourceTree = "<group>"; };
		372A4DA5265514D90080BEAA /* Layout.swift */ = {isa = PBXFileReference; lastKnownFileType = sourcecode.swift; path = Layout.swift; sourceTree = "<group>"; };
		3735E2F92660EFBA00743EEE /* ActivityIndicator.swift */ = {isa = PBXFileReference; fileEncoding = 4; lastKnownFileType = sourcecode.swift; path = ActivityIndicator.swift; sourceTree = "<group>"; };
		375ADE132658E15A001871C0 /* LoginViewModel.swift */ = {isa = PBXFileReference; lastKnownFileType = sourcecode.swift; path = LoginViewModel.swift; sourceTree = "<group>"; };
		375ADE272658E387001871C0 /* Protocols.swift */ = {isa = PBXFileReference; lastKnownFileType = sourcecode.swift; path = Protocols.swift; sourceTree = "<group>"; };
		375ADE4426590351001871C0 /* LoginService.swift */ = {isa = PBXFileReference; lastKnownFileType = sourcecode.swift; path = LoginService.swift; sourceTree = "<group>"; };
		375ADE4826590518001871C0 /* LoginValidateService.swift */ = {isa = PBXFileReference; lastKnownFileType = sourcecode.swift; path = LoginValidateService.swift; sourceTree = "<group>"; };
		37EB0711264953820089FF63 /* Assassin.app */ = {isa = PBXFileReference; explicitFileType = wrapper.application; includeInIndex = 0; path = Assassin.app; sourceTree = BUILT_PRODUCTS_DIR; };
		37EB0714264953820089FF63 /* AppDelegate.swift */ = {isa = PBXFileReference; lastKnownFileType = sourcecode.swift; path = AppDelegate.swift; sourceTree = "<group>"; };
		37EB0718264953820089FF63 /* ViewController.swift */ = {isa = PBXFileReference; lastKnownFileType = sourcecode.swift; path = ViewController.swift; sourceTree = "<group>"; };
		37EB071D264953870089FF63 /* Assets.xcassets */ = {isa = PBXFileReference; lastKnownFileType = folder.assetcatalog; path = Assets.xcassets; sourceTree = "<group>"; };
		37EB0720264953870089FF63 /* Base */ = {isa = PBXFileReference; lastKnownFileType = file.storyboard; name = Base; path = Base.lproj/LaunchScreen.storyboard; sourceTree = "<group>"; };
		37EB0722264953870089FF63 /* Info.plist */ = {isa = PBXFileReference; lastKnownFileType = text.plist.xml; path = Info.plist; sourceTree = "<group>"; };
		9FD7052E9A5F1F53510DD29E /* Pods_Assassin.framework */ = {isa = PBXFileReference; explicitFileType = wrapper.framework; includeInIndex = 0; path = Pods_Assassin.framework; sourceTree = BUILT_PRODUCTS_DIR; };
		B7AD52ED0C65DFB796B1443C /* Pods-Assassin.debug.xcconfig */ = {isa = PBXFileReference; includeInIndex = 1; lastKnownFileType = text.xcconfig; name = "Pods-Assassin.debug.xcconfig"; path = "Target Support Files/Pods-Assassin/Pods-Assassin.debug.xcconfig"; sourceTree = "<group>"; };
		CEBDFF393F5533ECE4F87ED0 /* Pods-Assassin.release.xcconfig */ = {isa = PBXFileReference; includeInIndex = 1; lastKnownFileType = text.xcconfig; name = "Pods-Assassin.release.xcconfig"; path = "Target Support Files/Pods-Assassin/Pods-Assassin.release.xcconfig"; sourceTree = "<group>"; };
/* End PBXFileReference section */

/* Begin PBXFrameworksBuildPhase section */
		37EB070E264953820089FF63 /* Frameworks */ = {
			isa = PBXFrameworksBuildPhase;
			buildActionMask = 2147483647;
			files = (
				40EA9309B00AAC55EAD27832 /* Pods_Assassin.framework in Frameworks */,
			);
			runOnlyForDeploymentPostprocessing = 0;
		};
/* End PBXFrameworksBuildPhase section */

/* Begin PBXGroup section */
		371DF163264B8DA10072B380 /* ApplicationService */ = {
			isa = PBXGroup;
			children = (
				371DF169264B8E080072B380 /* Models */,
				371DF16A264B8E1E0072B380 /* ApplicationService.swift */,
			);
			path = ApplicationService;
			sourceTree = "<group>";
		};
		371DF169264B8E080072B380 /* Models */ = {
			isa = PBXGroup;
			children = (
				371DF160264B8A360072B380 /* ApplicationConfiguration.swift */,
			);
			path = Models;
			sourceTree = "<group>";
		};
		371F0DCD265B5F6F009B8434 /* Provider */ = {
			isa = PBXGroup;
			children = (
				371F0DD5265B61D7009B8434 /* Target */,
				371F0DD2265B5F9F009B8434 /* OpenApiProvider.swift */,
				371F0DE4265B763F009B8434 /* AuthorizedPlugin.swift */,
			);
			path = Provider;
			sourceTree = "<group>";
		};
		371F0DD5265B61D7009B8434 /* Target */ = {
			isa = PBXGroup;
			children = (
				371F0DD6265B61E4009B8434 /* OpenApi.swift */,
				371F0DDE265B63BE009B8434 /* AuthorizedTargetType.swift */,
			);
			path = Target;
			sourceTree = "<group>";
		};
		371F0DE7265B78D7009B8434 /* Common */ = {
			isa = PBXGroup;
			children = (
				3735E2F92660EFBA00743EEE /* ActivityIndicator.swift */,
				371F0DE8265B78E3009B8434 /* Token.swift */,
			);
			path = Common;
			sourceTree = "<group>";
		};
		3720D92A26577EB700695B39 /* Extension */ = {
			isa = PBXGroup;
			children = (
				3720D92B26577ED800695B39 /* UIColor+Assassin.swift */,
				3720D9352657893D00695B39 /* UIImage+Assassin.swift */,
				371F0DC4265B5056009B8434 /* UIView+Corner.swift */,
				371F0DE1265B652E009B8434 /* String+Assassin.swift */,
			);
			path = Extension;
			sourceTree = "<group>";
		};
		37250C04264A2E69002A55C3 /* Launcher */ = {
			isa = PBXGroup;
			children = (
				37250C05264A2E90002A55C3 /* RootViewControllerBuilder.swift */,
				371DF178264BA8DA0072B380 /* TabBarControllerBuilder.swift */,
			);
			path = Launcher;
			sourceTree = "<group>";
		};
		37250C09264A313C002A55C3 /* Login */ = {
			isa = PBXGroup;
			children = (
				37250C0A264A3156002A55C3 /* LoginViewController.swift */,
				375ADE132658E15A001871C0 /* LoginViewModel.swift */,
			);
			path = Login;
			sourceTree = "<group>";
		};
		37250C0E264A339B002A55C3 /* Dao */ = {
			isa = PBXGroup;
			children = (
				37250C0F264A339B002A55C3 /* UserDao */,
			);
			path = Dao;
			sourceTree = "<group>";
		};
		37250C0F264A339B002A55C3 /* UserDao */ = {
			isa = PBXGroup;
			children = (
				37250C16264A33D5002A55C3 /* UserDao.swift */,
			);
			path = UserDao;
			sourceTree = "<group>";
		};
		37250C10264A339B002A55C3 /* Service */ = {
			isa = PBXGroup;
			children = (
				371F0DCD265B5F6F009B8434 /* Provider */,
				375ADE4326590336001871C0 /* LoginService */,
				371DF163264B8DA10072B380 /* ApplicationService */,
				37250C1A264A359D002A55C3 /* DBService */,
				37250C11264A339B002A55C3 /* UserService */,
				371DF175264BA36E0072B380 /* DispatchQueue+Assassin.swift */,
			);
			path = Service;
			sourceTree = "<group>";
		};
		37250C11264A339B002A55C3 /* UserService */ = {
			isa = PBXGroup;
			children = (
				37250C29264A7A3B002A55C3 /* Models */,
				37250C12264A33C7002A55C3 /* UserService.swift */,
			);
			path = UserService;
			sourceTree = "<group>";
		};
		37250C1A264A359D002A55C3 /* DBService */ = {
			isa = PBXGroup;
			children = (
				37250C1B264A35AE002A55C3 /* DBService.swift */,
			);
			path = DBService;
			sourceTree = "<group>";
		};
		37250C25264A3D99002A55C3 /* Constants */ = {
			isa = PBXGroup;
			children = (
				37250C26264A3DB8002A55C3 /* String.swift */,
				372A4DA2265512AF0080BEAA /* Size.swift */,
				372A4DA5265514D90080BEAA /* Layout.swift */,
				3720D92726576C1C00695B39 /* Color.swift */,
				3720D9322657845A00695B39 /* Font.swift */,
			);
			path = Constants;
			sourceTree = "<group>";
		};
		37250C29264A7A3B002A55C3 /* Models */ = {
			isa = PBXGroup;
			children = (
				37250C2A264A7A4E002A55C3 /* Account.swift */,
			);
			path = Models;
			sourceTree = "<group>";
		};
		372A4D9A2654CB580080BEAA /* Components */ = {
			isa = PBXGroup;
			children = (
				371F0DC8265B55D9009B8434 /* BaseTextField.swift */,
				371F0DC9265B55D9009B8434 /* CornerButton.swift */,
			);
			path = Components;
			sourceTree = "<group>";
		};
		375ADE262658E36C001871C0 /* Protocols */ = {
			isa = PBXGroup;
			children = (
				375ADE272658E387001871C0 /* Protocols.swift */,
			);
			path = Protocols;
			sourceTree = "<group>";
		};
		375ADE4326590336001871C0 /* LoginService */ = {
			isa = PBXGroup;
			children = (
				375ADE4426590351001871C0 /* LoginService.swift */,
				375ADE4826590518001871C0 /* LoginValidateService.swift */,
			);
			path = LoginService;
			sourceTree = "<group>";
		};
		37EB0708264953820089FF63 = {
			isa = PBXGroup;
			children = (
				37EB0713264953820089FF63 /* Assassin */,
				37EB0712264953820089FF63 /* Products */,
				87D3461883F13D7F4DF0B952 /* Pods */,
				E38D3A72928A1E201E34B047 /* Frameworks */,
			);
			sourceTree = "<group>";
		};
		37EB0712264953820089FF63 /* Products */ = {
			isa = PBXGroup;
			children = (
				37EB0711264953820089FF63 /* Assassin.app */,
			);
			name = Products;
			sourceTree = "<group>";
		};
		37EB0713264953820089FF63 /* Assassin */ = {
			isa = PBXGroup;
			children = (
				371F0DE7265B78D7009B8434 /* Common */,
				375ADE262658E36C001871C0 /* Protocols */,
				3720D92A26577EB700695B39 /* Extension */,
				372A4D9A2654CB580080BEAA /* Components */,
				37250C25264A3D99002A55C3 /* Constants */,
				37250C0E264A339B002A55C3 /* Dao */,
				37250C10264A339B002A55C3 /* Service */,
				37250C09264A313C002A55C3 /* Login */,
				37250C04264A2E69002A55C3 /* Launcher */,
				37EB0714264953820089FF63 /* AppDelegate.swift */,
				37EB0718264953820089FF63 /* ViewController.swift */,
				37250C22264A3739002A55C3 /* Assassin.db */,
				371DF211264E467F0072B380 /* default_app_config.json */,
				371DF210264E467F0072B380 /* DefaultConfiguration.plist */,
				37EB071D264953870089FF63 /* Assets.xcassets */,
				37EB071F264953870089FF63 /* LaunchScreen.storyboard */,
				37EB0722264953870089FF63 /* Info.plist */,
			);
			path = Assassin;
			sourceTree = "<group>";
		};
		87D3461883F13D7F4DF0B952 /* Pods */ = {
			isa = PBXGroup;
			children = (
				B7AD52ED0C65DFB796B1443C /* Pods-Assassin.debug.xcconfig */,
				CEBDFF393F5533ECE4F87ED0 /* Pods-Assassin.release.xcconfig */,
			);
			path = Pods;
			sourceTree = "<group>";
		};
		E38D3A72928A1E201E34B047 /* Frameworks */ = {
			isa = PBXGroup;
			children = (
				9FD7052E9A5F1F53510DD29E /* Pods_Assassin.framework */,
			);
			name = Frameworks;
			sourceTree = "<group>";
		};
/* End PBXGroup section */

/* Begin PBXNativeTarget section */
		37EB0710264953820089FF63 /* Assassin */ = {
			isa = PBXNativeTarget;
			buildConfigurationList = 37EB0725264953880089FF63 /* Build configuration list for PBXNativeTarget "Assassin" */;
			buildPhases = (
				B027BE7687B8EE3507FB0C80 /* [CP] Check Pods Manifest.lock */,
				37EB070D264953820089FF63 /* Sources */,
				37EB070E264953820089FF63 /* Frameworks */,
				37EB070F264953820089FF63 /* Resources */,
				5812E8C6919EBAD9D5F7961A /* [CP] Embed Pods Frameworks */,
			);
			buildRules = (
			);
			dependencies = (
			);
			name = Assassin;
			productName = Assassin;
			productReference = 37EB0711264953820089FF63 /* Assassin.app */;
			productType = "com.apple.product-type.application";
		};
/* End PBXNativeTarget section */

/* Begin PBXProject section */
		37EB0709264953820089FF63 /* Project object */ = {
			isa = PBXProject;
			attributes = {
				LastSwiftUpdateCheck = 1240;
				LastUpgradeCheck = 1240;
				TargetAttributes = {
					37EB0710264953820089FF63 = {
						CreatedOnToolsVersion = 12.4;
					};
				};
			};
			buildConfigurationList = 37EB070C264953820089FF63 /* Build configuration list for PBXProject "Assassin" */;
			compatibilityVersion = "Xcode 9.3";
			developmentRegion = en;
			hasScannedForEncodings = 0;
			knownRegions = (
				en,
				Base,
			);
			mainGroup = 37EB0708264953820089FF63;
			productRefGroup = 37EB0712264953820089FF63 /* Products */;
			projectDirPath = "";
			projectRoot = "";
			targets = (
				37EB0710264953820089FF63 /* Assassin */,
			);
		};
/* End PBXProject section */

/* Begin PBXResourcesBuildPhase section */
		37EB070F264953820089FF63 /* Resources */ = {
			isa = PBXResourcesBuildPhase;
			buildActionMask = 2147483647;
			files = (
				37EB0721264953870089FF63 /* LaunchScreen.storyboard in Resources */,
				371DF212264E467F0072B380 /* DefaultConfiguration.plist in Resources */,
				371DF213264E467F0072B380 /* default_app_config.json in Resources */,
				37250C23264A3739002A55C3 /* Assassin.db in Resources */,
				37EB071E264953870089FF63 /* Assets.xcassets in Resources */,
			);
			runOnlyForDeploymentPostprocessing = 0;
		};
/* End PBXResourcesBuildPhase section */

/* Begin PBXShellScriptBuildPhase section */
		5812E8C6919EBAD9D5F7961A /* [CP] Embed Pods Frameworks */ = {
			isa = PBXShellScriptBuildPhase;
			buildActionMask = 2147483647;
			files = (
			);
			inputFileListPaths = (
				"${PODS_ROOT}/Target Support Files/Pods-Assassin/Pods-Assassin-frameworks-${CONFIGURATION}-input-files.xcfilelist",
			);
			name = "[CP] Embed Pods Frameworks";
			outputFileListPaths = (
				"${PODS_ROOT}/Target Support Files/Pods-Assassin/Pods-Assassin-frameworks-${CONFIGURATION}-output-files.xcfilelist",
			);
			runOnlyForDeploymentPostprocessing = 0;
			shellPath = /bin/sh;
			shellScript = "\"${PODS_ROOT}/Target Support Files/Pods-Assassin/Pods-Assassin-frameworks.sh\"\n";
			showEnvVarsInLog = 0;
		};
		B027BE7687B8EE3507FB0C80 /* [CP] Check Pods Manifest.lock */ = {
			isa = PBXShellScriptBuildPhase;
			buildActionMask = 2147483647;
			files = (
			);
			inputFileListPaths = (
			);
			inputPaths = (
				"${PODS_PODFILE_DIR_PATH}/Podfile.lock",
				"${PODS_ROOT}/Manifest.lock",
			);
			name = "[CP] Check Pods Manifest.lock";
			outputFileListPaths = (
			);
			outputPaths = (
				"$(DERIVED_FILE_DIR)/Pods-Assassin-checkManifestLockResult.txt",
			);
			runOnlyForDeploymentPostprocessing = 0;
			shellPath = /bin/sh;
			shellScript = "diff \"${PODS_PODFILE_DIR_PATH}/Podfile.lock\" \"${PODS_ROOT}/Manifest.lock\" > /dev/null\nif [ $? != 0 ] ; then\n    # print error to STDERR\n    echo \"error: The sandbox is not in sync with the Podfile.lock. Run 'pod install' or update your CocoaPods installation.\" >&2\n    exit 1\nfi\n# This output is used by Xcode 'outputs' to avoid re-running this script phase.\necho \"SUCCESS\" > \"${SCRIPT_OUTPUT_FILE_0}\"\n";
			showEnvVarsInLog = 0;
		};
/* End PBXShellScriptBuildPhase section */

/* Begin PBXSourcesBuildPhase section */
		37EB070D264953820089FF63 /* Sources */ = {
			isa = PBXSourcesBuildPhase;
			buildActionMask = 2147483647;
			files = (
				372A4DA3265512AF0080BEAA /* Size.swift in Sources */,
				375ADE282658E387001871C0 /* Protocols.swift in Sources */,
				372A4DA6265514D90080BEAA /* Layout.swift in Sources */,
				375ADE142658E15A001871C0 /* LoginViewModel.swift in Sources */,
				3720D9332657845A00695B39 /* Font.swift in Sources */,
				371F0DDF265B63BE009B8434 /* AuthorizedTargetType.swift in Sources */,
				37250C0B264A3156002A55C3 /* LoginViewController.swift in Sources */,
				371F0DE2265B652E009B8434 /* String+Assassin.swift in Sources */,
				375ADE4526590351001871C0 /* LoginService.swift in Sources */,
				371DF161264B8A360072B380 /* ApplicationConfiguration.swift in Sources */,
				371DF16B264B8E1E0072B380 /* ApplicationService.swift in Sources */,
				37250C13264A33C7002A55C3 /* UserService.swift in Sources */,
				375ADE4926590518001871C0 /* LoginValidateService.swift in Sources */,
				37250C06264A2E90002A55C3 /* RootViewControllerBuilder.swift in Sources */,
				3720D92C26577ED800695B39 /* UIColor+Assassin.swift in Sources */,
				37250C1C264A35AE002A55C3 /* DBService.swift in Sources */,
				3735E2FA2660EFBA00743EEE /* ActivityIndicator.swift in Sources */,
				371F0DD3265B5F9F009B8434 /* OpenApiProvider.swift in Sources */,
				371F0DE9265B78E3009B8434 /* Token.swift in Sources */,
				37250C17264A33D5002A55C3 /* UserDao.swift in Sources */,
				371F0DD7265B61E4009B8434 /* OpenApi.swift in Sources */,
				37250C2B264A7A4E002A55C3 /* Account.swift in Sources */,
				3720D9362657893D00695B39 /* UIImage+Assassin.swift in Sources */,
				371F0DCA265B55D9009B8434 /* BaseTextField.swift in Sources */,
				371DF176264BA36E0072B380 /* DispatchQueue+Assassin.swift in Sources */,
				37EB0719264953820089FF63 /* ViewController.swift in Sources */,
				371F0DC5265B5056009B8434 /* UIView+Corner.swift in Sources */,
				371DF179264BA8DA0072B380 /* TabBarControllerBuilder.swift in Sources */,
				37250C27264A3DB8002A55C3 /* String.swift in Sources */,
				37EB0715264953820089FF63 /* AppDelegate.swift in Sources */,
				371F0DCB265B55D9009B8434 /* CornerButton.swift in Sources */,
				3720D92826576C1C00695B39 /* Color.swift in Sources */,
				371F0DE5265B763F009B8434 /* AuthorizedPlugin.swift in Sources */,
			);
			runOnlyForDeploymentPostprocessing = 0;
		};
/* End PBXSourcesBuildPhase section */

/* Begin PBXVariantGroup section */
		37EB071F264953870089FF63 /* LaunchScreen.storyboard */ = {
			isa = PBXVariantGroup;
			children = (
				37EB0720264953870089FF63 /* Base */,
			);
			name = LaunchScreen.storyboard;
			sourceTree = "<group>";
		};
/* End PBXVariantGroup section */

/* Begin XCBuildConfiguration section */
		37EB0723264953870089FF63 /* Debug */ = {
			isa = XCBuildConfiguration;
			buildSettings = {
				ALWAYS_SEARCH_USER_PATHS = NO;
				CLANG_ANALYZER_NONNULL = YES;
				CLANG_ANALYZER_NUMBER_OBJECT_CONVERSION = YES_AGGRESSIVE;
				CLANG_CXX_LANGUAGE_STANDARD = "gnu++14";
				CLANG_CXX_LIBRARY = "libc++";
				CLANG_ENABLE_MODULES = YES;
				CLANG_ENABLE_OBJC_ARC = YES;
				CLANG_ENABLE_OBJC_WEAK = YES;
				CLANG_WARN_BLOCK_CAPTURE_AUTORELEASING = YES;
				CLANG_WARN_BOOL_CONVERSION = YES;
				CLANG_WARN_COMMA = YES;
				CLANG_WARN_CONSTANT_CONVERSION = YES;
				CLANG_WARN_DEPRECATED_OBJC_IMPLEMENTATIONS = YES;
				CLANG_WARN_DIRECT_OBJC_ISA_USAGE = YES_ERROR;
				CLANG_WARN_DOCUMENTATION_COMMENTS = YES;
				CLANG_WARN_EMPTY_BODY = YES;
				CLANG_WARN_ENUM_CONVERSION = YES;
				CLANG_WARN_INFINITE_RECURSION = YES;
				CLANG_WARN_INT_CONVERSION = YES;
				CLANG_WARN_NON_LITERAL_NULL_CONVERSION = YES;
				CLANG_WARN_OBJC_IMPLICIT_RETAIN_SELF = YES;
				CLANG_WARN_OBJC_LITERAL_CONVERSION = YES;
				CLANG_WARN_OBJC_ROOT_CLASS = YES_ERROR;
				CLANG_WARN_QUOTED_INCLUDE_IN_FRAMEWORK_HEADER = YES;
				CLANG_WARN_RANGE_LOOP_ANALYSIS = YES;
				CLANG_WARN_STRICT_PROTOTYPES = YES;
				CLANG_WARN_SUSPICIOUS_MOVE = YES;
				CLANG_WARN_UNGUARDED_AVAILABILITY = YES_AGGRESSIVE;
				CLANG_WARN_UNREACHABLE_CODE = YES;
				CLANG_WARN__DUPLICATE_METHOD_MATCH = YES;
				COPY_PHASE_STRIP = NO;
				DEBUG_INFORMATION_FORMAT = dwarf;
				ENABLE_STRICT_OBJC_MSGSEND = YES;
				ENABLE_TESTABILITY = YES;
				GCC_C_LANGUAGE_STANDARD = gnu11;
				GCC_DYNAMIC_NO_PIC = NO;
				GCC_NO_COMMON_BLOCKS = YES;
				GCC_OPTIMIZATION_LEVEL = 0;
				GCC_PREPROCESSOR_DEFINITIONS = (
					"DEBUG=1",
					"$(inherited)",
				);
				GCC_WARN_64_TO_32_BIT_CONVERSION = YES;
				GCC_WARN_ABOUT_RETURN_TYPE = YES_ERROR;
				GCC_WARN_UNDECLARED_SELECTOR = YES;
				GCC_WARN_UNINITIALIZED_AUTOS = YES_AGGRESSIVE;
				GCC_WARN_UNUSED_FUNCTION = YES;
				GCC_WARN_UNUSED_VARIABLE = YES;
				IPHONEOS_DEPLOYMENT_TARGET = 14.4;
				MTL_ENABLE_DEBUG_INFO = INCLUDE_SOURCE;
				MTL_FAST_MATH = YES;
				ONLY_ACTIVE_ARCH = YES;
				SDKROOT = iphoneos;
				SWIFT_ACTIVE_COMPILATION_CONDITIONS = DEBUG;
				SWIFT_OPTIMIZATION_LEVEL = "-Onone";
			};
			name = Debug;
		};
		37EB0724264953870089FF63 /* Release */ = {
			isa = XCBuildConfiguration;
			buildSettings = {
				ALWAYS_SEARCH_USER_PATHS = NO;
				CLANG_ANALYZER_NONNULL = YES;
				CLANG_ANALYZER_NUMBER_OBJECT_CONVERSION = YES_AGGRESSIVE;
				CLANG_CXX_LANGUAGE_STANDARD = "gnu++14";
				CLANG_CXX_LIBRARY = "libc++";
				CLANG_ENABLE_MODULES = YES;
				CLANG_ENABLE_OBJC_ARC = YES;
				CLANG_ENABLE_OBJC_WEAK = YES;
				CLANG_WARN_BLOCK_CAPTURE_AUTORELEASING = YES;
				CLANG_WARN_BOOL_CONVERSION = YES;
				CLANG_WARN_COMMA = YES;
				CLANG_WARN_CONSTANT_CONVERSION = YES;
				CLANG_WARN_DEPRECATED_OBJC_IMPLEMENTATIONS = YES;
				CLANG_WARN_DIRECT_OBJC_ISA_USAGE = YES_ERROR;
				CLANG_WARN_DOCUMENTATION_COMMENTS = YES;
				CLANG_WARN_EMPTY_BODY = YES;
				CLANG_WARN_ENUM_CONVERSION = YES;
				CLANG_WARN_INFINITE_RECURSION = YES;
				CLANG_WARN_INT_CONVERSION = YES;
				CLANG_WARN_NON_LITERAL_NULL_CONVERSION = YES;
				CLANG_WARN_OBJC_IMPLICIT_RETAIN_SELF = YES;
				CLANG_WARN_OBJC_LITERAL_CONVERSION = YES;
				CLANG_WARN_OBJC_ROOT_CLASS = YES_ERROR;
				CLANG_WARN_QUOTED_INCLUDE_IN_FRAMEWORK_HEADER = YES;
				CLANG_WARN_RANGE_LOOP_ANALYSIS = YES;
				CLANG_WARN_STRICT_PROTOTYPES = YES;
				CLANG_WARN_SUSPICIOUS_MOVE = YES;
				CLANG_WARN_UNGUARDED_AVAILABILITY = YES_AGGRESSIVE;
				CLANG_WARN_UNREACHABLE_CODE = YES;
				CLANG_WARN__DUPLICATE_METHOD_MATCH = YES;
				COPY_PHASE_STRIP = NO;
				DEBUG_INFORMATION_FORMAT = "dwarf-with-dsym";
				ENABLE_NS_ASSERTIONS = NO;
				ENABLE_STRICT_OBJC_MSGSEND = YES;
				GCC_C_LANGUAGE_STANDARD = gnu11;
				GCC_NO_COMMON_BLOCKS = YES;
				GCC_WARN_64_TO_32_BIT_CONVERSION = YES;
				GCC_WARN_ABOUT_RETURN_TYPE = YES_ERROR;
				GCC_WARN_UNDECLARED_SELECTOR = YES;
				GCC_WARN_UNINITIALIZED_AUTOS = YES_AGGRESSIVE;
				GCC_WARN_UNUSED_FUNCTION = YES;
				GCC_WARN_UNUSED_VARIABLE = YES;
				IPHONEOS_DEPLOYMENT_TARGET = 14.4;
				MTL_ENABLE_DEBUG_INFO = NO;
				MTL_FAST_MATH = YES;
				SDKROOT = iphoneos;
				SWIFT_COMPILATION_MODE = wholemodule;
				SWIFT_OPTIMIZATION_LEVEL = "-O";
				VALIDATE_PRODUCT = YES;
			};
			name = Release;
		};
		37EB0726264953880089FF63 /* Debug */ = {
			isa = XCBuildConfiguration;
			baseConfigurationReference = B7AD52ED0C65DFB796B1443C /* Pods-Assassin.debug.xcconfig */;
			buildSettings = {
				ASSETCATALOG_COMPILER_APPICON_NAME = AppIcon;
				ASSETCATALOG_COMPILER_GLOBAL_ACCENT_COLOR_NAME = AccentColor;
				CODE_SIGN_STYLE = Automatic;
				DEVELOPMENT_TEAM = 3YJ9KM5KAS;
				HEADER_SEARCH_PATHS = "";
				INFOPLIST_FILE = Assassin/Info.plist;
				IPHONEOS_DEPLOYMENT_TARGET = 9.0;
				LD_RUNPATH_SEARCH_PATHS = (
					"$(inherited)",
					"@executable_path/Frameworks",
				);
				LIBRARY_SEARCH_PATHS = "";
				PRODUCT_BUNDLE_IDENTIFIER = geekbang.Assassin;
				PRODUCT_NAME = "$(TARGET_NAME)";
				SWIFT_VERSION = 5.0;
				TARGETED_DEVICE_FAMILY = 1;
			};
			name = Debug;
		};
		37EB0727264953880089FF63 /* Release */ = {
			isa = XCBuildConfiguration;
			baseConfigurationReference = CEBDFF393F5533ECE4F87ED0 /* Pods-Assassin.release.xcconfig */;
			buildSettings = {
				ASSETCATALOG_COMPILER_APPICON_NAME = AppIcon;
				ASSETCATALOG_COMPILER_GLOBAL_ACCENT_COLOR_NAME = AccentColor;
				CODE_SIGN_STYLE = Automatic;
				DEVELOPMENT_TEAM = 3YJ9KM5KAS;
				HEADER_SEARCH_PATHS = "";
				INFOPLIST_FILE = Assassin/Info.plist;
				IPHONEOS_DEPLOYMENT_TARGET = 9.0;
				LD_RUNPATH_SEARCH_PATHS = (
					"$(inherited)",
					"@executable_path/Frameworks",
				);
				LIBRARY_SEARCH_PATHS = "";
				PRODUCT_BUNDLE_IDENTIFIER = geekbang.Assassin;
				PRODUCT_NAME = "$(TARGET_NAME)";
				SWIFT_VERSION = 5.0;
				TARGETED_DEVICE_FAMILY = 1;
			};
			name = Release;
		};
/* End XCBuildConfiguration section */

/* Begin XCConfigurationList section */
		37EB070C264953820089FF63 /* Build configuration list for PBXProject "Assassin" */ = {
			isa = XCConfigurationList;
			buildConfigurations = (
				37EB0723264953870089FF63 /* Debug */,
				37EB0724264953870089FF63 /* Release */,
			);
			defaultConfigurationIsVisible = 0;
			defaultConfigurationName = Release;
		};
		37EB0725264953880089FF63 /* Build configuration list for PBXNativeTarget "Assassin" */ = {
			isa = XCConfigurationList;
			buildConfigurations = (
				37EB0726264953880089FF63 /* Debug */,
				37EB0727264953880089FF63 /* Release */,
			);
			defaultConfigurationIsVisible = 0;
			defaultConfigurationName = Release;
		};
/* End XCConfigurationList section */
	};
	rootObject = 37EB0709264953820089FF63 /* Project object */;
}
