PODS:
  - Alamofire (5.4.0)
  - assassin_flutter_plugin (0.0.1):
    - Flutter
  - BaseLibrary (0.1.0):
    - FMDB
    - HandyJSON
    - Moya/RxSwift
  - FBSnapshotTestCase (2.1.4):
    - FBSnapshotTestCase/SwiftSupport (= 2.1.4)
  - FBSnapshotTestCase/Core (2.1.4)
  - FBSnapshotTestCase/SwiftSupport (2.1.4):
    - FBSnapshotTestCase/Core
  - Flutter (1.0.0)
  - FlutterEngine (0.1.0)
  - FMDB (2.7.5):
    - FMDB/standard (= 2.7.5)
  - FMDB/standard (2.7.5)
  - HandyJSON (5.0.2)
  - iOSSnapshotTestCase (6.2.0):
    - iOSSnapshotTestCase/SwiftSupport (= 6.2.0)
  - iOSSnapshotTestCase/Core (6.2.0)
  - iOSSnapshotTestCase/SwiftSupport (6.2.0):
    - iOSSnapshotTestCase/Core
  - Moya/Core (14.0.0):
    - Alamofire (~> 5.0)
  - Moya/RxSwift (14.0.0):
    - Moya/Core
    - RxSwift (~> 5.0)
  - Nimble (8.0.9)
  - Nimble-Snapshots (8.0.0):
    - Nimble-Snapshots/Core (= 8.0.0)
  - Nimble-Snapshots/Core (8.0.0):
    - iOSSnapshotTestCase (~> 6.0)
    - Nimble (~> 8.0)
  - OHHTTPStubs/Core (9.1.0)
  - OHHTTPStubs/Default (9.1.0):
    - OHHTTPStubs/Core
    - OHHTTPStubs/JSON
    - OHHTTPStubs/NSURLSession
    - OHHTTPStubs/OHPathHelpers
  - OHHTTPStubs/JSON (9.1.0):
    - OHHTTPStubs/Core
  - OHHTTPStubs/NSURLSession (9.1.0):
    - OHHTTPStubs/Core
  - OHHTTPStubs/OHPathHelpers (9.1.0)
  - OHHTTPStubs/Swift (9.1.0):
    - OHHTTPStubs/Default
  - Quick (2.2.1)
  - RxCocoa (5.1.1):
    - RxRelay (~> 5)
    - RxSwift (~> 5)
  - RxRelay (5.1.1):
    - RxSwift (~> 5)
  - RxSwift (5.1.1)
  - SwiftLint (0.42.0)

DEPENDENCIES:
  - assassin_flutter_plugin (from `../products/assassin_flutter_plugin`)
  - BaseLibrary (from `../BaseLibrary`)
  - FBSnapshotTestCase (~> 2.1.4)
  - Flutter (from `../products/FlutterEngine`)
  - FlutterEngine (from `../products/FlutterEngine`)
  - Nimble (~> 8.0.7)
  - Nimble-Snapshots (~> 8.0.0)
  - OHHTTPStubs/Swift
  - Quick (~> 2.2.0)
  - RxCocoa
  - RxSwift
  - SwiftLint

SPEC REPOS:
  https://mirrors.bfsu.edu.cn/git/CocoaPods/Specs.git:
    - FMDB
    - RxCocoa
    - RxRelay
  trunk:
    - Alamofire
    - FBSnapshotTestCase
    - HandyJSON
    - iOSSnapshotTestCase
    - Moya
    - Nimble
    - Nimble-Snapshots
    - OHHTTPStubs
    - Quick
    - RxSwift
    - SwiftLint

EXTERNAL SOURCES:
  assassin_flutter_plugin:
    :path: "../products/assassin_flutter_plugin"
  BaseLibrary:
    :path: "../BaseLibrary"
  Flutter:
    :path: "../products/FlutterEngine"
  FlutterEngine:
    :path: "../products/FlutterEngine"

SPEC CHECKSUMS:
  Alamofire: 3b6a534a3df22db367e4dedeeca73d1ddfcf0e2f
  assassin_flutter_plugin: f0e27dccd431f24f6dddadfda556c5fa6c8d60a2
  BaseLibrary: 649f76862506092732fc3faf367c09d9209b1929
  FBSnapshotTestCase: 094f9f314decbabe373b87cc339bea235a63e07a
  Flutter: 0e3d915762c693b495b44d77113d4970485de6ec
  FlutterEngine: 7eed8bac2a76cfceb006b3be72ed4b8de33cc9bc
  FMDB: 2ce00b547f966261cd18927a3ddb07cb6f3db82a
  HandyJSON: 9e4e236f5d2dbefad5155a77417bbea438201c03
  iOSSnapshotTestCase: 9ab44cb5aa62b84d31847f40680112e15ec579a6
  Moya: 5b45dacb75adb009f97fde91c204c1e565d31916
  Nimble: 98b888285a615fd34f20e61753cf58ea1402bde4
  Nimble-Snapshots: 8ec63f41ce6c7229a17be9a64edbc123b181f75b
  OHHTTPStubs: 90eac6d8f2c18317baeca36698523dc67c513831
  Quick: f5754d69b7013f5864c29aab9ae6f0c79c5bc200
  RxCocoa: 32065309a38d29b5b0db858819b5bf9ef038b601
  RxRelay: d77f7d771495f43c556cbc43eebd1bb54d01e8e9
  RxSwift: 81470a2074fa8780320ea5fe4102807cb7118178
  SwiftLint: 4fa9579c63416865179bc416f0a92d55f009600d

PODFILE CHECKSUM: 1d9ef9be2633ae2b9234e2214bff442ef51d180b

COCOAPODS: 1.9.3
